// !$*UTF8*$!
{
	archiveVersion = 1;
	classes = {
	};
	objectVersion = 46;
	objects = {

/* Begin PBXBuildFile section */
		E84C94461E9A016C000A0876 /* pokemon.csv in Resources */ = {isa = PBXBuildFile; fileRef = E84C94451E9A016C000A0876 /* pokemon.csv */; };
		E8DFE1401E992C93006AF5E1 /* AppDelegate.swift in Sources */ = {isa = PBXBuildFile; fileRef = E8DFE13F1E992C93006AF5E1 /* AppDelegate.swift */; };
		E8DFE1421E992C93006AF5E1 /* ViewController.swift in Sources */ = {isa = PBXBuildFile; fileRef = E8DFE1411E992C93006AF5E1 /* ViewController.swift */; };
		E8DFE1451E992C93006AF5E1 /* Main.storyboard in Resources */ = {isa = PBXBuildFile; fileRef = E8DFE1431E992C93006AF5E1 /* Main.storyboard */; };
		E8DFE1471E992C93006AF5E1 /* Assets.xcassets in Resources */ = {isa = PBXBuildFile; fileRef = E8DFE1461E992C93006AF5E1 /* Assets.xcassets */; };
		E8DFE14A1E992C93006AF5E1 /* LaunchScreen.storyboard in Resources */ = {isa = PBXBuildFile; fileRef = E8DFE1481E992C93006AF5E1 /* LaunchScreen.storyboard */; };
		E8DFE1551E992C94006AF5E1 /* PokedexTests.swift in Sources */ = {isa = PBXBuildFile; fileRef = E8DFE1541E992C94006AF5E1 /* PokedexTests.swift */; };
		E8DFE1601E992C94006AF5E1 /* PokedexUITests.swift in Sources */ = {isa = PBXBuildFile; fileRef = E8DFE15F1E992C94006AF5E1 /* PokedexUITests.swift */; };
/* End PBXBuildFile section */

/* Begin PBXContainerItemProxy section */
		E8DFE1511E992C94006AF5E1 /* PBXContainerItemProxy */ = {
			isa = PBXContainerItemProxy;
			containerPortal = E8DFE1341E992C93006AF5E1 /* Project object */;
			proxyType = 1;
			remoteGlobalIDString = E8DFE13B1E992C93006AF5E1;
			remoteInfo = Pokedex;
		};
		E8DFE15C1E992C94006AF5E1 /* PBXContainerItemProxy */ = {
			isa = PBXContainerItemProxy;
			containerPortal = E8DFE1341E992C93006AF5E1 /* Project object */;
			proxyType = 1;
			remoteGlobalIDString = E8DFE13B1E992C93006AF5E1;
			remoteInfo = Pokedex;
		};
/* End PBXContainerItemProxy section */

/* Begin PBXFileReference section */
		E84C94451E9A016C000A0876 /* pokemon.csv */ = {isa = PBXFileReference; fileEncoding = 4; lastKnownFileType = text; path = pokemon.csv; sourceTree = "<group>"; };
		E8DFE13C1E992C93006AF5E1 /* Pokedex.app */ = {isa = PBXFileReference; explicitFileType = wrapper.application; includeInIndex = 0; path = Pokedex.app; sourceTree = BUILT_PRODUCTS_DIR; };
		E8DFE13F1E992C93006AF5E1 /* AppDelegate.swift */ = {isa = PBXFileReference; lastKnownFileType = sourcecode.swift; path = AppDelegate.swift; sourceTree = "<group>"; };
		E8DFE1411E992C93006AF5E1 /* ViewController.swift */ = {isa = PBXFileReference; lastKnownFileType = sourcecode.swift; path = ViewController.swift; sourceTree = "<group>"; };
		E8DFE1441E992C93006AF5E1 /* Base */ = {isa = PBXFileReference; lastKnownFileType = file.storyboard; name = Base; path = Base.lproj/Main.storyboard; sourceTree = "<group>"; };
		E8DFE1461E992C93006AF5E1 /* Assets.xcassets */ = {isa = PBXFileReference; lastKnownFileType = folder.assetcatalog; path = Assets.xcassets; sourceTree = "<group>"; };
		E8DFE1491E992C93006AF5E1 /* Base */ = {isa = PBXFileReference; lastKnownFileType = file.storyboard; name = Base; path = Base.lproj/LaunchScreen.storyboard; sourceTree = "<group>"; };
		E8DFE14B1E992C93006AF5E1 /* Info.plist */ = {isa = PBXFileReference; lastKnownFileType = text.plist.xml; path = Info.plist; sourceTree = "<group>"; };
		E8DFE1501E992C94006AF5E1 /* PokedexTests.xctest */ = {isa = PBXFileReference; explicitFileType = wrapper.cfbundle; includeInIndex = 0; path = PokedexTests.xctest; sourceTree = BUILT_PRODUCTS_DIR; };
		E8DFE1541E992C94006AF5E1 /* PokedexTests.swift */ = {isa = PBXFileReference; lastKnownFileType = sourcecode.swift; path = PokedexTests.swift; sourceTree = "<group>"; };
		E8DFE1561E992C94006AF5E1 /* Info.plist */ = {isa = PBXFileReference; lastKnownFileType = text.plist.xml; path = Info.plist; sourceTree = "<group>"; };
		E8DFE15B1E992C94006AF5E1 /* PokedexUITests.xctest */ = {isa = PBXFileReference; explicitFileType = wrapper.cfbundle; includeInIndex = 0; path = PokedexUITests.xctest; sourceTree = BUILT_PRODUCTS_DIR; };
		E8DFE15F1E992C94006AF5E1 /* PokedexUITests.swift */ = {isa = PBXFileReference; lastKnownFileType = sourcecode.swift; path = PokedexUITests.swift; sourceTree = "<group>"; };
		E8DFE1611E992C94006AF5E1 /* Info.plist */ = {isa = PBXFileReference; lastKnownFileType = text.plist.xml; path = Info.plist; sourceTree = "<group>"; };
/* End PBXFileReference section */

/* Begin PBXFrameworksBuildPhase section */
		E8DFE1391E992C93006AF5E1 /* Frameworks */ = {
			isa = PBXFrameworksBuildPhase;
			buildActionMask = 2147483647;
			files = (
			);
			runOnlyForDeploymentPostprocessing = 0;
		};
		E8DFE14D1E992C94006AF5E1 /* Frameworks */ = {
			isa = PBXFrameworksBuildPhase;
			buildActionMask = 2147483647;
			files = (
			);
			runOnlyForDeploymentPostprocessing = 0;
		};
		E8DFE1581E992C94006AF5E1 /* Frameworks */ = {
			isa = PBXFrameworksBuildPhase;
			buildActionMask = 2147483647;
			files = (
			);
			runOnlyForDeploymentPostprocessing = 0;
		};
/* End PBXFrameworksBuildPhase section */

/* Begin PBXGroup section */
		E8DFE1331E992C93006AF5E1 = {
			isa = PBXGroup;
			children = (
				E8DFE13E1E992C93006AF5E1 /* Pokedex */,
				E8DFE1531E992C94006AF5E1 /* PokedexTests */,
				E8DFE15E1E992C94006AF5E1 /* PokedexUITests */,
				E8DFE13D1E992C93006AF5E1 /* Products */,
			);
			sourceTree = "<group>";
		};
		E8DFE13D1E992C93006AF5E1 /* Products */ = {
			isa = PBXGroup;
			children = (
				E8DFE13C1E992C93006AF5E1 /* Pokedex.app */,
				E8DFE1501E992C94006AF5E1 /* PokedexTests.xctest */,
				E8DFE15B1E992C94006AF5E1 /* PokedexUITests.xctest */,
			);
			name = Products;
			sourceTree = "<group>";
		};
		E8DFE13E1E992C93006AF5E1 /* Pokedex */ = {
			isa = PBXGroup;
			children = (
				E8DFE13F1E992C93006AF5E1 /* AppDelegate.swift */,
				E8DFE1411E992C93006AF5E1 /* ViewController.swift */,
				E8DFE1431E992C93006AF5E1 /* Main.storyboard */,
				E8DFE1461E992C93006AF5E1 /* Assets.xcassets */,
				E84C94451E9A016C000A0876 /* pokemon.csv */,
				E8DFE1481E992C93006AF5E1 /* LaunchScreen.storyboard */,
				E8DFE14B1E992C93006AF5E1 /* Info.plist */,
			);
			path = Pokedex;
			sourceTree = "<group>";
		};
		E8DFE1531E992C94006AF5E1 /* PokedexTests */ = {
			isa = PBXGroup;
			children = (
				E8DFE1541E992C94006AF5E1 /* PokedexTests.swift */,
				E8DFE1561E992C94006AF5E1 /* Info.plist */,
			);
			path = PokedexTests;
			sourceTree = "<group>";
		};
		E8DFE15E1E992C94006AF5E1 /* PokedexUITests */ = {
			isa = PBXGroup;
			children = (
				E8DFE15F1E992C94006AF5E1 /* PokedexUITests.swift */,
				E8DFE1611E992C94006AF5E1 /* Info.plist */,
			);
			path = PokedexUITests;
			sourceTree = "<group>";
		};
/* End PBXGroup section */

/* Begin PBXNativeTarget section */
		E8DFE13B1E992C93006AF5E1 /* Pokedex */ = {
			isa = PBXNativeTarget;
			buildConfigurationList = E8DFE1641E992C94006AF5E1 /* Build configuration list for PBXNativeTarget "Pokedex" */;
			buildPhases = (
				E8DFE1381E992C93006AF5E1 /* Sources */,
				E8DFE1391E992C93006AF5E1 /* Frameworks */,
				E8DFE13A1E992C93006AF5E1 /* Resources */,
			);
			buildRules = (
			);
			dependencies = (
			);
			name = Pokedex;
			productName = Pokedex;
			productReference = E8DFE13C1E992C93006AF5E1 /* Pokedex.app */;
			productType = "com.apple.product-type.application";
		};
		E8DFE14F1E992C94006AF5E1 /* PokedexTests */ = {
			isa = PBXNativeTarget;
			buildConfigurationList = E8DFE1671E992C94006AF5E1 /* Build configuration list for PBXNativeTarget "PokedexTests" */;
			buildPhases = (
				E8DFE14C1E992C94006AF5E1 /* Sources */,
				E8DFE14D1E992C94006AF5E1 /* Frameworks */,
				E8DFE14E1E992C94006AF5E1 /* Resources */,
			);
			buildRules = (
			);
			dependencies = (
				E8DFE1521E992C94006AF5E1 /* PBXTargetDependency */,
			);
			name = PokedexTests;
			productName = PokedexTests;
			productReference = E8DFE1501E992C94006AF5E1 /* PokedexTests.xctest */;
			productType = "com.apple.product-type.bundle.unit-test";
		};
		E8DFE15A1E992C94006AF5E1 /* PokedexUITests */ = {
			isa = PBXNativeTarget;
			buildConfigurationList = E8DFE16A1E992C94006AF5E1 /* Build configuration list for PBXNativeTarget "PokedexUITests" */;
			buildPhases = (
				E8DFE1571E992C94006AF5E1 /* Sources */,
				E8DFE1581E992C94006AF5E1 /* Frameworks */,
				E8DFE1591E992C94006AF5E1 /* Resources */,
			);
			buildRules = (
			);
			dependencies = (
				E8DFE15D1E992C94006AF5E1 /* PBXTargetDependency */,
			);
			name = PokedexUITests;
			productName = PokedexUITests;
			productReference = E8DFE15B1E992C94006AF5E1 /* PokedexUITests.xctest */;
			productType = "com.apple.product-type.bundle.ui-testing";
		};
/* End PBXNativeTarget section */

/* Begin PBXProject section */
		E8DFE1341E992C93006AF5E1 /* Project object */ = {
			isa = PBXProject;
			attributes = {
				LastSwiftUpdateCheck = 0820;
				LastUpgradeCheck = 0820;
				ORGANIZATIONNAME = HARSHIL;
				TargetAttributes = {
					E8DFE13B1E992C93006AF5E1 = {
						CreatedOnToolsVersion = 8.2.1;
						ProvisioningStyle = Automatic;
					};
					E8DFE14F1E992C94006AF5E1 = {
						CreatedOnToolsVersion = 8.2.1;
						ProvisioningStyle = Automatic;
						TestTargetID = E8DFE13B1E992C93006AF5E1;
					};
					E8DFE15A1E992C94006AF5E1 = {
						CreatedOnToolsVersion = 8.2.1;
						ProvisioningStyle = Automatic;
						TestTargetID = E8DFE13B1E992C93006AF5E1;
					};
				};
			};
			buildConfigurationList = E8DFE1371E992C93006AF5E1 /* Build configuration list for PBXProject "Pokedex" */;
			compatibilityVersion = "Xcode 3.2";
			developmentRegion = English;
			hasScannedForEncodings = 0;
			knownRegions = (
				en,
				Base,
			);
			mainGroup = E8DFE1331E992C93006AF5E1;
			productRefGroup = E8DFE13D1E992C93006AF5E1 /* Products */;
			projectDirPath = "";
			projectRoot = "";
			targets = (
				E8DFE13B1E992C93006AF5E1 /* Pokedex */,
				E8DFE14F1E992C94006AF5E1 /* PokedexTests */,
				E8DFE15A1E992C94006AF5E1 /* PokedexUITests */,
			);
		};
/* End PBXProject section */

/* Begin PBXResourcesBuildPhase section */
		E8DFE13A1E992C93006AF5E1 /* Resources */ = {
			isa = PBXResourcesBuildPhase;
			buildActionMask = 2147483647;
			files = (
				E8DFE14A1E992C93006AF5E1 /* LaunchScreen.storyboard in Resources */,
				E8DFE1471E992C93006AF5E1 /* Assets.xcassets in Resources */,
				E84C94461E9A016C000A0876 /* pokemon.csv in Resources */,
				E8DFE1451E992C93006AF5E1 /* Main.storyboard in Resources */,
			);
			runOnlyForDeploymentPostprocessing = 0;
		};
		E8DFE14E1E992C94006AF5E1 /* Resources */ = {
			isa = PBXResourcesBuildPhase;
			buildActionMask = 2147483647;
			files = (
			);
			runOnlyForDeploymentPostprocessing = 0;
		};
		E8DFE1591E992C94006AF5E1 /* Resources */ = {
			isa = PBXResourcesBuildPhase;
			buildActionMask = 2147483647;
			files = (
			);
			runOnlyForDeploymentPostprocessing = 0;
		};
/* End PBXResourcesBuildPhase section */

/* Begin PBXSourcesBuildPhase section */
		E8DFE1381E992C93006AF5E1 /* Sources */ = {
			isa = PBXSourcesBuildPhase;
			buildActionMask = 2147483647;
			files = (
				E8DFE1421E992C93006AF5E1 /* ViewController.swift in Sources */,
				E8DFE1401E992C93006AF5E1 /* AppDelegate.swift in Sources */,
			);
			runOnlyForDeploymentPostprocessing = 0;
		};
		E8DFE14C1E992C94006AF5E1 /* Sources */ = {
			isa = PBXSourcesBuildPhase;
			buildActionMask = 2147483647;
			files = (
				E8DFE1551E992C94006AF5E1 /* PokedexTests.swift in Sources */,
			);
			runOnlyForDeploymentPostprocessing = 0;
		};
		E8DFE1571E992C94006AF5E1 /* Sources */ = {
			isa = PBXSourcesBuildPhase;
			buildActionMask = 2147483647;
			files = (
				E8DFE1601E992C94006AF5E1 /* PokedexUITests.swift in Sources */,
			);
			runOnlyForDeploymentPostprocessing = 0;
		};
/* End PBXSourcesBuildPhase section */

/* Begin PBXTargetDependency section */
		E8DFE1521E992C94006AF5E1 /* PBXTargetDependency */ = {
			isa = PBXTargetDependency;
			target = E8DFE13B1E992C93006AF5E1 /* Pokedex */;
			targetProxy = E8DFE1511E992C94006AF5E1 /* PBXContainerItemProxy */;
		};
		E8DFE15D1E992C94006AF5E1 /* PBXTargetDependency */ = {
			isa = PBXTargetDependency;
			target = E8DFE13B1E992C93006AF5E1 /* Pokedex */;
			targetProxy = E8DFE15C1E992C94006AF5E1 /* PBXContainerItemProxy */;
		};
/* End PBXTargetDependency section */

/* Begin PBXVariantGroup section */
		E8DFE1431E992C93006AF5E1 /* Main.storyboard */ = {
			isa = PBXVariantGroup;
			children = (
				E8DFE1441E992C93006AF5E1 /* Base */,
			);
			name = Main.storyboard;
			sourceTree = "<group>";
		};
		E8DFE1481E992C93006AF5E1 /* LaunchScreen.storyboard */ = {
			isa = PBXVariantGroup;
			children = (
				E8DFE1491E992C93006AF5E1 /* Base */,
			);
			name = LaunchScreen.storyboard;
			sourceTree = "<group>";
		};
/* End PBXVariantGroup section */

/* Begin XCBuildConfiguration section */
		E8DFE1621E992C94006AF5E1 /* Debug */ = {
			isa = XCBuildConfiguration;
			buildSettings = {
				ALWAYS_SEARCH_USER_PATHS = NO;
				CLANG_ANALYZER_NONNULL = YES;
				CLANG_CXX_LANGUAGE_STANDARD = "gnu++0x";
				CLANG_CXX_LIBRARY = "libc++";
				CLANG_ENABLE_MODULES = YES;
				CLANG_ENABLE_OBJC_ARC = YES;
				CLANG_WARN_BOOL_CONVERSION = YES;
				CLANG_WARN_CONSTANT_CONVERSION = YES;
				CLANG_WARN_DIRECT_OBJC_ISA_USAGE = YES_ERROR;
				CLANG_WARN_DOCUMENTATION_COMMENTS = YES;
				CLANG_WARN_EMPTY_BODY = YES;
				CLANG_WARN_ENUM_CONVERSION = YES;
				CLANG_WARN_INFINITE_RECURSION = YES;
				CLANG_WARN_INT_CONVERSION = YES;
				CLANG_WARN_OBJC_ROOT_CLASS = YES_ERROR;
				CLANG_WARN_SUSPICIOUS_MOVE = YES;
				CLANG_WARN_UNREACHABLE_CODE = YES;
				CLANG_WARN__DUPLICATE_METHOD_MATCH = YES;
				"CODE_SIGN_IDENTITY[sdk=iphoneos*]" = "iPhone Developer";
				COPY_PHASE_STRIP = NO;
				DEBUG_INFORMATION_FORMAT = dwarf;
				ENABLE_STRICT_OBJC_MSGSEND = YES;
				ENABLE_TESTABILITY = YES;
				GCC_C_LANGUAGE_STANDARD = gnu99;
				GCC_DYNAMIC_NO_PIC = NO;
				GCC_NO_COMMON_BLOCKS = YES;
				GCC_OPTIMIZATION_LEVEL = 0;
				GCC_PREPROCESSOR_DEFINITIONS = (
					"DEBUG=1",
					"$(inherited)",
				);
				GCC_WARN_64_TO_32_BIT_CONVERSION = YES;
				GCC_WARN_ABOUT_RETURN_TYPE = YES_ERROR;
				GCC_WARN_UNDECLARED_SELECTOR = YES;
				GCC_WARN_UNINITIALIZED_AUTOS = YES_AGGRESSIVE;
				GCC_WARN_UNUSED_FUNCTION = YES;
				GCC_WARN_UNUSED_VARIABLE = YES;
				IPHONEOS_DEPLOYMENT_TARGET = 10.2;
				MTL_ENABLE_DEBUG_INFO = YES;
				ONLY_ACTIVE_ARCH = YES;
				SDKROOT = iphoneos;
				SWIFT_ACTIVE_COMPILATION_CONDITIONS = DEBUG;
				SWIFT_OPTIMIZATION_LEVEL = "-Onone";
				TARGETED_DEVICE_FAMILY = "1,2";
			};
			name = Debug;
		};
		E8DFE1631E992C94006AF5E1 /* Release */ = {
			isa = XCBuildConfiguration;
			buildSettings = {
				ALWAYS_SEARCH_USER_PATHS = NO;
				CLANG_ANALYZER_NONNULL = YES;
				CLANG_CXX_LANGUAGE_STANDARD = "gnu++0x";
				CLANG_CXX_LIBRARY = "libc++";
				CLANG_ENABLE_MODULES = YES;
				CLANG_ENABLE_OBJC_ARC = YES;
				CLANG_WARN_BOOL_CONVERSION = YES;
				CLANG_WARN_CONSTANT_CONVERSION = YES;
				CLANG_WARN_DIRECT_OBJC_ISA_USAGE = YES_ERROR;
				CLANG_WARN_DOCUMENTATION_COMMENTS = YES;
				CLANG_WARN_EMPTY_BODY = YES;
				CLANG_WARN_ENUM_CONVERSION = YES;
				CLANG_WARN_INFINITE_RECURSION = YES;
				CLANG_WARN_INT_CONVERSION = YES;
				CLANG_WARN_OBJC_ROOT_CLASS = YES_ERROR;
				CLANG_WARN_SUSPICIOUS_MOVE = YES;
				CLANG_WARN_UNREACHABLE_CODE = YES;
				CLANG_WARN__DUPLICATE_METHOD_MATCH = YES;
				"CODE_SIGN_IDENTITY[sdk=iphoneos*]" = "iPhone Developer";
				COPY_PHASE_STRIP = NO;
				DEBUG_INFORMATION_FORMAT = "dwarf-with-dsym";
				ENABLE_NS_ASSERTIONS = NO;
				ENABLE_STRICT_OBJC_MSGSEND = YES;
				GCC_C_LANGUAGE_STANDARD = gnu99;
				GCC_NO_COMMON_BLOCKS = YES;
				GCC_WARN_64_TO_32_BIT_CONVERSION = YES;
				GCC_WARN_ABOUT_RETURN_TYPE = YES_ERROR;
				GCC_WARN_UNDECLARED_SELECTOR = YES;
				GCC_WARN_UNINITIALIZED_AUTOS = YES_AGGRESSIVE;
				GCC_WARN_UNUSED_FUNCTION = YES;
				GCC_WARN_UNUSED_VARIABLE = YES;
				IPHONEOS_DEPLOYMENT_TARGET = 10.2;
				MTL_ENABLE_DEBUG_INFO = NO;
				SDKROOT = iphoneos;
				SWIFT_OPTIMIZATION_LEVEL = "-Owholemodule";
				TARGETED_DEVICE_FAMILY = "1,2";
				VALIDATE_PRODUCT = YES;
			};
			name = Release;
		};
		E8DFE1651E992C94006AF5E1 /* Debug */ = {
			isa = XCBuildConfiguration;
			buildSettings = {
				ASSETCATALOG_COMPILER_APPICON_NAME = AppIcon;
				INFOPLIST_FILE = Pokedex/Info.plist;
				LD_RUNPATH_SEARCH_PATHS = "$(inherited) @executable_path/Frameworks";
				PRODUCT_BUNDLE_IDENTIFIER = com.helloWorld.Pokedex;
				PRODUCT_NAME = "$(TARGET_NAME)";
				SWIFT_VERSION = 3.0;
			};
			name = Debug;
		};
		E8DFE1661E992C94006AF5E1 /* Release */ = {
			isa = XCBuildConfiguration;
			buildSettings = {
				ASSETCATALOG_COMPILER_APPICON_NAME = AppIcon;
				INFOPLIST_FILE = Pokedex/Info.plist;
				LD_RUNPATH_SEARCH_PATHS = "$(inherited) @executable_path/Frameworks";
				PRODUCT_BUNDLE_IDENTIFIER = com.helloWorld.Pokedex;
				PRODUCT_NAME = "$(TARGET_NAME)";
				SWIFT_VERSION = 3.0;
			};
			name = Release;
		};
		E8DFE1681E992C94006AF5E1 /* Debug */ = {
			isa = XCBuildConfiguration;
			buildSettings = {
				ALWAYS_EMBED_SWIFT_STANDARD_LIBRARIES = YES;
				BUNDLE_LOADER = "$(TEST_HOST)";
				INFOPLIST_FILE = PokedexTests/Info.plist;
				LD_RUNPATH_SEARCH_PATHS = "$(inherited) @executable_path/Frameworks @loader_path/Frameworks";
				PRODUCT_BUNDLE_IDENTIFIER = com.helloWorld.PokedexTests;
				PRODUCT_NAME = "$(TARGET_NAME)";
				SWIFT_VERSION = 3.0;
				TEST_HOST = "$(BUILT_PRODUCTS_DIR)/Pokedex.app/Pokedex";
			};
			name = Debug;
		};
		E8DFE1691E992C94006AF5E1 /* Release */ = {
			isa = XCBuildConfiguration;
			buildSettings = {
				ALWAYS_EMBED_SWIFT_STANDARD_LIBRARIES = YES;
				BUNDLE_LOADER = "$(TEST_HOST)";
				INFOPLIST_FILE = PokedexTests/Info.plist;
				LD_RUNPATH_SEARCH_PATHS = "$(inherited) @executable_path/Frameworks @loader_path/Frameworks";
				PRODUCT_BUNDLE_IDENTIFIER = com.helloWorld.PokedexTests;
				PRODUCT_NAME = "$(TARGET_NAME)";
				SWIFT_VERSION = 3.0;
				TEST_HOST = "$(BUILT_PRODUCTS_DIR)/Pokedex.app/Pokedex";
			};
			name = Release;
		};
		E8DFE16B1E992C94006AF5E1 /* Debug */ = {
			isa = XCBuildConfiguration;
			buildSettings = {
				ALWAYS_EMBED_SWIFT_STANDARD_LIBRARIES = YES;
				INFOPLIST_FILE = PokedexUITests/Info.plist;
				LD_RUNPATH_SEARCH_PATHS = "$(inherited) @executable_path/Frameworks @loader_path/Frameworks";
				PRODUCT_BUNDLE_IDENTIFIER = com.helloWorld.PokedexUITests;
				PRODUCT_NAME = "$(TARGET_NAME)";
				SWIFT_VERSION = 3.0;
				TEST_TARGET_NAME = Pokedex;
			};
			name = Debug;
		};
		E8DFE16C1E992C94006AF5E1 /* Release */ = {
			isa = XCBuildConfiguration;
			buildSettings = {
				ALWAYS_EMBED_SWIFT_STANDARD_LIBRARIES = YES;
				INFOPLIST_FILE = PokedexUITests/Info.plist;
				LD_RUNPATH_SEARCH_PATHS = "$(inherited) @executable_path/Frameworks @loader_path/Frameworks";
				PRODUCT_BUNDLE_IDENTIFIER = com.helloWorld.PokedexUITests;
				PRODUCT_NAME = "$(TARGET_NAME)";
				SWIFT_VERSION = 3.0;
				TEST_TARGET_NAME = Pokedex;
			};
			name = Release;
		};
/* End XCBuildConfiguration section */

/* Begin XCConfigurationList section */
		E8DFE1371E992C93006AF5E1 /* Build configuration list for PBXProject "Pokedex" */ = {
			isa = XCConfigurationList;
			buildConfigurations = (
				E8DFE1621E992C94006AF5E1 /* Debug */,
				E8DFE1631E992C94006AF5E1 /* Release */,
			);
			defaultConfigurationIsVisible = 0;
			defaultConfigurationName = Release;
		};
		E8DFE1641E992C94006AF5E1 /* Build configuration list for PBXNativeTarget "Pokedex" */ = {
			isa = XCConfigurationList;
			buildConfigurations = (
				E8DFE1651E992C94006AF5E1 /* Debug */,
				E8DFE1661E992C94006AF5E1 /* Release */,
			);
			defaultConfigurationIsVisible = 0;
			defaultConfigurationName = Release;
		};
		E8DFE1671E992C94006AF5E1 /* Build configuration list for PBXNativeTarget "PokedexTests" */ = {
			isa = XCConfigurationList;
			buildConfigurations = (
				E8DFE1681E992C94006AF5E1 /* Debug */,
				E8DFE1691E992C94006AF5E1 /* Release */,
			);
			defaultConfigurationIsVisible = 0;
			defaultConfigurationName = Release;
		};
		E8DFE16A1E992C94006AF5E1 /* Build configuration list for PBXNativeTarget "PokedexUITests" */ = {
			isa = XCConfigurationList;
			buildConfigurations = (
				E8DFE16B1E992C94006AF5E1 /* Debug */,
				E8DFE16C1E992C94006AF5E1 /* Release */,
			);
			defaultConfigurationIsVisible = 0;
			defaultConfigurationName = Release;
		};
/* End XCConfigurationList section */
	};
	rootObject = E8DFE1341E992C93006AF5E1 /* Project object */;
}
